
Microsoft Visual Studio Solution File, Format Version 12.00
# Visual Studio Version 17
VisualStudioVersion = 17.0.31903.59
MinimumVisualStudioVersion = 10.0.40219.1
Project("{FAE04EC0-0301-11D3-9C1B-00C04F79EFBC}") = "IdentityBraces", "src\IdentityBraces\IdentityBraces.csproj", "{C2EBD9D9-642C-4EB0-BE5A-B8DA63F2B1AD}"
EndProject
Global
	GlobalSection(SolutionConfigurationPlatforms) = preSolution
		Debug|Any CPU = Debug|Any CPU
		Release|Any CPU = Release|Any CPU
	EndGlobalSection
	GlobalSection(ProjectConfigurationPlatforms) = postSolution
		{C2EBD9D9-642C-4EB0-BE5A-B8DA63F2B1AD}.Debug|Any CPU.ActiveCfg = Debug|Any CPU
		{C2EBD9D9-642C-4EB0-BE5A-B8DA63F2B1AD}.Debug|Any CPU.Build.0 = Debug|Any CPU
		{C2EBD9D9-642C-4EB0-BE5A-B8DA63F2B1AD}.Release|Any CPU.ActiveCfg = Release|Any CPU
		{C2EBD9D9-642C-4EB0-BE5A-B8DA63F2B1AD}.Release|Any CPU.Build.0 = Release|Any CPU
	EndGlobalSection
	GlobalSection(SolutionProperties) = preSolution
		HideSolutionNode = FALSE
	EndGlobalSection
EndGlobal
